
Microsoft Visual Studio Solution File, Format Version 12.00
# Visual Studio Version 16
VisualStudioVersion = 16.0.32126.315
MinimumVisualStudioVersion = 10.0.40219.1
Project("{FAE04EC0-301F-11D3-BF4B-00C04F79EFBC}") = "LastHMS2", "LastHMS2.csproj", "{E7E86F67-6DDD-445A-BC76-8ABB38414FF3}"
EndProject
Global
	GlobalSection(SolutionConfigurationPlatforms) = preSolution
		Debug|Any CPU = Debug|Any CPU
		Release|Any CPU = Release|Any CPU
	EndGlobalSection
	GlobalSection(ProjectConfigurationPlatforms) = postSolution
		{E7E86F67-6DDD-445A-BC76-8ABB38414FF3}.Debug|Any CPU.ActiveCfg = Debug|Any CPU
		{E7E86F67-6DDD-445A-BC76-8ABB38414FF3}.Debug|Any CPU.Build.0 = Debug|Any CPU
		{E7E86F67-6DDD-445A-BC76-8ABB38414FF3}.Release|Any CPU.ActiveCfg = Release|Any CPU
		{E7E86F67-6DDD-445A-BC76-8ABB38414FF3}.Release|Any CPU.Build.0 = Release|Any CPU
	EndGlobalSection
	GlobalSection(SolutionProperties) = preSolution
		HideSolutionNode = FALSE
	EndGlobalSection
	GlobalSection(ExtensibilityGlobals) = postSolution
		SolutionGuid = {2C2AFC87-D428-4EAF-9BD0-E224A7B1FE68}
	EndGlobalSection
EndGlobal
